
Microsoft Visual Studio Solution File, Format Version 12.00
# Visual Studio Version 16
VisualStudioVersion = 16.0.30413.136
MinimumVisualStudioVersion = 10.0.40219.1
Project("{FAE04EC0-301F-11D3-BF4B-00C04F79EFBC}") = "WebApplication17", "WebApplication17\WebApplication17.csproj", "{539DE53A-460D-4054-AC04-6599CE0E70FE}"
EndProject
Project("{FAE04EC0-301F-11D3-BF4B-00C04F79EFBC}") = "WebApplication17.Core", "WebApplication17.Core\WebApplication17.Core.csproj", "{01E42951-BC1D-4182-BDEE-239A113064A9}"
EndProject
Project("{FAE04EC0-301F-11D3-BF4B-00C04F79EFBC}") = "WebApplication17.Infrastructure", "WebApplication17.Infrastructure\WebApplication17.Infrastructure.csproj", "{569913A0-40F4-499C-942E-9A27A4975D93}"
EndProject
Global
	GlobalSection(SolutionConfigurationPlatforms) = preSolution
		Debug|Any CPU = Debug|Any CPU
		Release|Any CPU = Release|Any CPU
	EndGlobalSection
	GlobalSection(ProjectConfigurationPlatforms) = postSolution
		{539DE53A-460D-4054-AC04-6599CE0E70FE}.Debug|Any CPU.ActiveCfg = Debug|Any CPU
		{539DE53A-460D-4054-AC04-6599CE0E70FE}.Debug|Any CPU.Build.0 = Debug|Any CPU
		{539DE53A-460D-4054-AC04-6599CE0E70FE}.Release|Any CPU.ActiveCfg = Release|Any CPU
		{539DE53A-460D-4054-AC04-6599CE0E70FE}.Release|Any CPU.Build.0 = Release|Any CPU
		{01E42951-BC1D-4182-BDEE-239A113064A9}.Debug|Any CPU.ActiveCfg = Debug|Any CPU
		{01E42951-BC1D-4182-BDEE-239A113064A9}.Debug|Any CPU.Build.0 = Debug|Any CPU
		{01E42951-BC1D-4182-BDEE-239A113064A9}.Release|Any CPU.ActiveCfg = Release|Any CPU
		{01E42951-BC1D-4182-BDEE-239A113064A9}.Release|Any CPU.Build.0 = Release|Any CPU
		{569913A0-40F4-499C-942E-9A27A4975D93}.Debug|Any CPU.ActiveCfg = Debug|Any CPU
		{569913A0-40F4-499C-942E-9A27A4975D93}.Debug|Any CPU.Build.0 = Debug|Any CPU
		{569913A0-40F4-499C-942E-9A27A4975D93}.Release|Any CPU.ActiveCfg = Release|Any CPU
		{569913A0-40F4-499C-942E-9A27A4975D93}.Release|Any CPU.Build.0 = Release|Any CPU
	EndGlobalSection
	GlobalSection(SolutionProperties) = preSolution
		HideSolutionNode = FALSE
	EndGlobalSection
	GlobalSection(ExtensibilityGlobals) = postSolution
		SolutionGuid = {FF1C01A4-1B64-4AB7-B5C7-3CC4D1667A9C}
	EndGlobalSection
EndGlobal
